
Microsoft Visual Studio Solution File, Format Version 12.00
# Visual Studio Version 16
VisualStudioVersion = 16.0.30114.105
MinimumVisualStudioVersion = 10.0.40219.1
Project("{2150E333-8FDC-42A3-9474-1A3956D46DE8}") = "projects", "projects", "{4413FBA5-9104-465C-B8B3-73D5F8C564D0}"
EndProject
Project("{F2A71F9B-5D33-465A-A702-920D77279786}") = "Actors", "projects\actors\Actors.fsproj", "{4A56AFD2-6FEB-45CE-B47A-1FD196CFD2C9}"
EndProject
Project("{F2A71F9B-5D33-465A-A702-920D77279786}") = "Pub", "projects\pub\Pub.fsproj", "{3CB70767-9F1D-44BE-BE98-3D30B199C1D9}"
EndProject
Project("{F2A71F9B-5D33-465A-A702-920D77279786}") = "logger", "projects\logger\logger.fsproj", "{CBFF3470-F7F5-4041-A652-1980139E1A03}"
EndProject
Global
	GlobalSection(SolutionConfigurationPlatforms) = preSolution
		Debug|Any CPU = Debug|Any CPU
		Debug|x64 = Debug|x64
		Debug|x86 = Debug|x86
		Release|Any CPU = Release|Any CPU
		Release|x64 = Release|x64
		Release|x86 = Release|x86
	EndGlobalSection
	GlobalSection(SolutionProperties) = preSolution
		HideSolutionNode = FALSE
	EndGlobalSection
	GlobalSection(ProjectConfigurationPlatforms) = postSolution
		{4A56AFD2-6FEB-45CE-B47A-1FD196CFD2C9}.Debug|Any CPU.ActiveCfg = Debug|Any CPU
		{4A56AFD2-6FEB-45CE-B47A-1FD196CFD2C9}.Debug|Any CPU.Build.0 = Debug|Any CPU
		{4A56AFD2-6FEB-45CE-B47A-1FD196CFD2C9}.Debug|x64.ActiveCfg = Debug|Any CPU
		{4A56AFD2-6FEB-45CE-B47A-1FD196CFD2C9}.Debug|x64.Build.0 = Debug|Any CPU
		{4A56AFD2-6FEB-45CE-B47A-1FD196CFD2C9}.Debug|x86.ActiveCfg = Debug|Any CPU
		{4A56AFD2-6FEB-45CE-B47A-1FD196CFD2C9}.Debug|x86.Build.0 = Debug|Any CPU
		{4A56AFD2-6FEB-45CE-B47A-1FD196CFD2C9}.Release|Any CPU.ActiveCfg = Release|Any CPU
		{4A56AFD2-6FEB-45CE-B47A-1FD196CFD2C9}.Release|Any CPU.Build.0 = Release|Any CPU
		{4A56AFD2-6FEB-45CE-B47A-1FD196CFD2C9}.Release|x64.ActiveCfg = Release|Any CPU
		{4A56AFD2-6FEB-45CE-B47A-1FD196CFD2C9}.Release|x64.Build.0 = Release|Any CPU
		{4A56AFD2-6FEB-45CE-B47A-1FD196CFD2C9}.Release|x86.ActiveCfg = Release|Any CPU
		{4A56AFD2-6FEB-45CE-B47A-1FD196CFD2C9}.Release|x86.Build.0 = Release|Any CPU
		{3CB70767-9F1D-44BE-BE98-3D30B199C1D9}.Debug|Any CPU.ActiveCfg = Debug|Any CPU
		{3CB70767-9F1D-44BE-BE98-3D30B199C1D9}.Debug|Any CPU.Build.0 = Debug|Any CPU
		{3CB70767-9F1D-44BE-BE98-3D30B199C1D9}.Debug|x64.ActiveCfg = Debug|Any CPU
		{3CB70767-9F1D-44BE-BE98-3D30B199C1D9}.Debug|x64.Build.0 = Debug|Any CPU
		{3CB70767-9F1D-44BE-BE98-3D30B199C1D9}.Debug|x86.ActiveCfg = Debug|Any CPU
		{3CB70767-9F1D-44BE-BE98-3D30B199C1D9}.Debug|x86.Build.0 = Debug|Any CPU
		{3CB70767-9F1D-44BE-BE98-3D30B199C1D9}.Release|Any CPU.ActiveCfg = Release|Any CPU
		{3CB70767-9F1D-44BE-BE98-3D30B199C1D9}.Release|Any CPU.Build.0 = Release|Any CPU
		{3CB70767-9F1D-44BE-BE98-3D30B199C1D9}.Release|x64.ActiveCfg = Release|Any CPU
		{3CB70767-9F1D-44BE-BE98-3D30B199C1D9}.Release|x64.Build.0 = Release|Any CPU
		{3CB70767-9F1D-44BE-BE98-3D30B199C1D9}.Release|x86.ActiveCfg = Release|Any CPU
		{3CB70767-9F1D-44BE-BE98-3D30B199C1D9}.Release|x86.Build.0 = Release|Any CPU
		{CBFF3470-F7F5-4041-A652-1980139E1A03}.Debug|Any CPU.ActiveCfg = Debug|Any CPU
		{CBFF3470-F7F5-4041-A652-1980139E1A03}.Debug|Any CPU.Build.0 = Debug|Any CPU
		{CBFF3470-F7F5-4041-A652-1980139E1A03}.Debug|x64.ActiveCfg = Debug|Any CPU
		{CBFF3470-F7F5-4041-A652-1980139E1A03}.Debug|x64.Build.0 = Debug|Any CPU
		{CBFF3470-F7F5-4041-A652-1980139E1A03}.Debug|x86.ActiveCfg = Debug|Any CPU
		{CBFF3470-F7F5-4041-A652-1980139E1A03}.Debug|x86.Build.0 = Debug|Any CPU
		{CBFF3470-F7F5-4041-A652-1980139E1A03}.Release|Any CPU.ActiveCfg = Release|Any CPU
		{CBFF3470-F7F5-4041-A652-1980139E1A03}.Release|Any CPU.Build.0 = Release|Any CPU
		{CBFF3470-F7F5-4041-A652-1980139E1A03}.Release|x64.ActiveCfg = Release|Any CPU
		{CBFF3470-F7F5-4041-A652-1980139E1A03}.Release|x64.Build.0 = Release|Any CPU
		{CBFF3470-F7F5-4041-A652-1980139E1A03}.Release|x86.ActiveCfg = Release|Any CPU
		{CBFF3470-F7F5-4041-A652-1980139E1A03}.Release|x86.Build.0 = Release|Any CPU
	EndGlobalSection
	GlobalSection(NestedProjects) = preSolution
		{4A56AFD2-6FEB-45CE-B47A-1FD196CFD2C9} = {4413FBA5-9104-465C-B8B3-73D5F8C564D0}
		{3CB70767-9F1D-44BE-BE98-3D30B199C1D9} = {4413FBA5-9104-465C-B8B3-73D5F8C564D0}
		{CBFF3470-F7F5-4041-A652-1980139E1A03} = {4413FBA5-9104-465C-B8B3-73D5F8C564D0}
	EndGlobalSection
EndGlobal
